
Microsoft Visual Studio Solution File, Format Version 12.00
# Visual Studio Version 16
VisualStudioVersion = 16.0.30104.148
MinimumVisualStudioVersion = 10.0.40219.1
Project("{9A19103F-16F7-4668-BE54-9A1E7A4F7556}") = "Core.CIBDigitalTech", "Core.CIBDigitalTech\Core.CIBDigitalTech.csproj", "{93C5F859-4AB1-482F-AF04-293BAC8B321B}"
EndProject
Project("{FAE04EC0-301F-11D3-BF4B-00C04F79EFBC}") = "Test.CIBDigitalTech", "Test.CIBDigitalTech\Test.CIBDigitalTech.csproj", "{52E326C3-3445-4515-BD9F-69166B08F29E}"
EndProject
Global
	GlobalSection(SolutionConfigurationPlatforms) = preSolution
		Debug|Any CPU = Debug|Any CPU
		Release|Any CPU = Release|Any CPU
	EndGlobalSection
	GlobalSection(ProjectConfigurationPlatforms) = postSolution
		{93C5F859-4AB1-482F-AF04-293BAC8B321B}.Debug|Any CPU.ActiveCfg = Debug|Any CPU
		{93C5F859-4AB1-482F-AF04-293BAC8B321B}.Debug|Any CPU.Build.0 = Debug|Any CPU
		{93C5F859-4AB1-482F-AF04-293BAC8B321B}.Release|Any CPU.ActiveCfg = Release|Any CPU
		{93C5F859-4AB1-482F-AF04-293BAC8B321B}.Release|Any CPU.Build.0 = Release|Any CPU
		{52E326C3-3445-4515-BD9F-69166B08F29E}.Debug|Any CPU.ActiveCfg = Debug|Any CPU
		{52E326C3-3445-4515-BD9F-69166B08F29E}.Debug|Any CPU.Build.0 = Debug|Any CPU
		{52E326C3-3445-4515-BD9F-69166B08F29E}.Release|Any CPU.ActiveCfg = Release|Any CPU
		{52E326C3-3445-4515-BD9F-69166B08F29E}.Release|Any CPU.Build.0 = Release|Any CPU
	EndGlobalSection
	GlobalSection(SolutionProperties) = preSolution
		HideSolutionNode = FALSE
	EndGlobalSection
	GlobalSection(ExtensibilityGlobals) = postSolution
		SolutionGuid = {CE2C1EE2-3BD8-4C77-A397-A2DE016D922C}
	EndGlobalSection
EndGlobal
